
Microsoft Visual Studio Solution File, Format Version 12.00
# Visual Studio Version 16
VisualStudioVersion = 16.0.30128.74
MinimumVisualStudioVersion = 10.0.40219.1
Project("{FAE04EC0-301F-11D3-BF4B-00C04F79EFBC}") = "Hourglass Test", "Hourglass Test.csproj", "{7DFA1AAE-2742-47C5-9D7B-CA03BF0DF607}"
EndProject
Global
	GlobalSection(SolutionConfigurationPlatforms) = preSolution
		Debug|Any CPU = Debug|Any CPU
		Release|Any CPU = Release|Any CPU
	EndGlobalSection
	GlobalSection(ProjectConfigurationPlatforms) = postSolution
		{7DFA1AAE-2742-47C5-9D7B-CA03BF0DF607}.Debug|Any CPU.ActiveCfg = Debug|Any CPU
		{7DFA1AAE-2742-47C5-9D7B-CA03BF0DF607}.Debug|Any CPU.Build.0 = Debug|Any CPU
		{7DFA1AAE-2742-47C5-9D7B-CA03BF0DF607}.Release|Any CPU.ActiveCfg = Release|Any CPU
		{7DFA1AAE-2742-47C5-9D7B-CA03BF0DF607}.Release|Any CPU.Build.0 = Release|Any CPU
	EndGlobalSection
	GlobalSection(SolutionProperties) = preSolution
		HideSolutionNode = FALSE
	EndGlobalSection
	GlobalSection(ExtensibilityGlobals) = postSolution
		SolutionGuid = {BDF1BF1A-A3F4-44BE-9E07-FCDB3DA40D97}
	EndGlobalSection
EndGlobal
